
Microsoft Visual Studio Solution File, Format Version 12.00
# Visual Studio Version 16
VisualStudioVersion = 25.0.1705.6
MinimumVisualStudioVersion = 10.0.40219.1
Project("{FAE04EC0-301F-11D3-BF4B-00C04F79EFBC}") = "eTicket", "eTicket\eTicket.csproj", "{14B5B44B-DE60-4C27-ABDE-F5AFBA6225DF}"
EndProject
Global
	GlobalSection(SolutionConfigurationPlatforms) = preSolution
		Debug|Any CPU = Debug|Any CPU
		Release|Any CPU = Release|Any CPU
	EndGlobalSection
	GlobalSection(ProjectConfigurationPlatforms) = postSolution
		{14B5B44B-DE60-4C27-ABDE-F5AFBA6225DF}.Debug|Any CPU.ActiveCfg = Debug|Any CPU
		{14B5B44B-DE60-4C27-ABDE-F5AFBA6225DF}.Debug|Any CPU.Build.0 = Debug|Any CPU
		{14B5B44B-DE60-4C27-ABDE-F5AFBA6225DF}.Release|Any CPU.ActiveCfg = Release|Any CPU
		{14B5B44B-DE60-4C27-ABDE-F5AFBA6225DF}.Release|Any CPU.Build.0 = Release|Any CPU
	EndGlobalSection
	GlobalSection(SolutionProperties) = preSolution
		HideSolutionNode = FALSE
	EndGlobalSection
	GlobalSection(ExtensibilityGlobals) = postSolution
		SolutionGuid = {BEECF454-D7CA-4A72-8AD0-6721F8045964}
	EndGlobalSection
EndGlobal
